
Microsoft Visual Studio Solution File, Format Version 12.00
# Visual Studio Version 17
VisualStudioVersion = 17.11.35303.130
MinimumVisualStudioVersion = 10.0.40219.1
Project("{9A19103F-16F7-4668-BE54-9A1E7A4F7556}") = "IncomeCalculator", "PracticaPolimorfismo\IncomeCalculator.csproj", "{019C7860-1E16-414A-B46D-0E47AD4655D9}"
EndProject
Global
	GlobalSection(SolutionConfigurationPlatforms) = preSolution
		Debug|Any CPU = Debug|Any CPU
		Release|Any CPU = Release|Any CPU
	EndGlobalSection
	GlobalSection(ProjectConfigurationPlatforms) = postSolution
		{019C7860-1E16-414A-B46D-0E47AD4655D9}.Debug|Any CPU.ActiveCfg = Debug|Any CPU
		{019C7860-1E16-414A-B46D-0E47AD4655D9}.Debug|Any CPU.Build.0 = Debug|Any CPU
		{019C7860-1E16-414A-B46D-0E47AD4655D9}.Release|Any CPU.ActiveCfg = Release|Any CPU
		{019C7860-1E16-414A-B46D-0E47AD4655D9}.Release|Any CPU.Build.0 = Release|Any CPU
	EndGlobalSection
	GlobalSection(SolutionProperties) = preSolution
		HideSolutionNode = FALSE
	EndGlobalSection
	GlobalSection(ExtensibilityGlobals) = postSolution
		SolutionGuid = {B98CC300-7F2C-4773-ABD2-F2BC831B237A}
	EndGlobalSection
EndGlobal
